
Microsoft Visual Studio Solution File, Format Version 12.00
# Visual Studio Version 17
VisualStudioVersion = 17.7.34024.191
MinimumVisualStudioVersion = 10.0.40219.1
Project("{9A19103F-16F7-4668-BE54-9A1E7A4F7556}") = "LearnAsync", "LearnAsync\LearnAsync.csproj", "{74DDCC0C-B538-4D6F-A1F0-E81004B310FC}"
EndProject
Project("{FAE04EC0-301F-11D3-BF4B-00C04F79EFBC}") = "LearnAsync.Tests", "LearnAsync.Tests\LearnAsync.Tests.csproj", "{653FD0EE-219B-4DB7-908D-3C3A9F9E5F78}"
EndProject
Global
	GlobalSection(SolutionConfigurationPlatforms) = preSolution
		Debug|Any CPU = Debug|Any CPU
		Release|Any CPU = Release|Any CPU
	EndGlobalSection
	GlobalSection(ProjectConfigurationPlatforms) = postSolution
		{74DDCC0C-B538-4D6F-A1F0-E81004B310FC}.Debug|Any CPU.ActiveCfg = Debug|Any CPU
		{74DDCC0C-B538-4D6F-A1F0-E81004B310FC}.Debug|Any CPU.Build.0 = Debug|Any CPU
		{74DDCC0C-B538-4D6F-A1F0-E81004B310FC}.Release|Any CPU.ActiveCfg = Release|Any CPU
		{74DDCC0C-B538-4D6F-A1F0-E81004B310FC}.Release|Any CPU.Build.0 = Release|Any CPU
		{653FD0EE-219B-4DB7-908D-3C3A9F9E5F78}.Debug|Any CPU.ActiveCfg = Debug|Any CPU
		{653FD0EE-219B-4DB7-908D-3C3A9F9E5F78}.Debug|Any CPU.Build.0 = Debug|Any CPU
		{653FD0EE-219B-4DB7-908D-3C3A9F9E5F78}.Release|Any CPU.ActiveCfg = Release|Any CPU
		{653FD0EE-219B-4DB7-908D-3C3A9F9E5F78}.Release|Any CPU.Build.0 = Release|Any CPU
	EndGlobalSection
	GlobalSection(SolutionProperties) = preSolution
		HideSolutionNode = FALSE
	EndGlobalSection
	GlobalSection(ExtensibilityGlobals) = postSolution
		SolutionGuid = {A5BA9497-A80D-482B-B0A1-681A0D08EF34}
	EndGlobalSection
EndGlobal
